// !$*UTF8*$!
{
	archiveVersion = 1;
	classes = {
	};
	objectVersion = 50;
	objects = {

/* Begin PBXBuildFile section */
		678901C220B6A7AE0077E4CD /* AlertViewVD.framework in Frameworks */ = {isa = PBXBuildFile; fileRef = 678901B820B6A7AE0077E4CD /* AlertViewVD.framework */; };
		678901C720B6A7AE0077E4CD /* AlertViewVDTests.swift in Sources */ = {isa = PBXBuildFile; fileRef = 678901C620B6A7AE0077E4CD /* AlertViewVDTests.swift */; };
		678901C920B6A7AE0077E4CD /* AlertViewVD.h in Headers */ = {isa = PBXBuildFile; fileRef = 678901BB20B6A7AE0077E4CD /* AlertViewVD.h */; settings = {ATTRIBUTES = (Public, ); }; };
/* End PBXBuildFile section */

/* Begin PBXContainerItemProxy section */
		678901C320B6A7AE0077E4CD /* PBXContainerItemProxy */ = {
			isa = PBXContainerItemProxy;
			containerPortal = 678901AF20B6A7AE0077E4CD /* Project object */;
			proxyType = 1;
			remoteGlobalIDString = 678901B720B6A7AE0077E4CD;
			remoteInfo = AlertViewVD;
		};
/* End PBXContainerItemProxy section */

/* Begin PBXFileReference section */
		678901B820B6A7AE0077E4CD /* AlertViewVD.framework */ = {isa = PBXFileReference; explicitFileType = wrapper.framework; includeInIndex = 0; path = AlertViewVD.framework; sourceTree = BUILT_PRODUCTS_DIR; };
		678901BB20B6A7AE0077E4CD /* AlertViewVD.h */ = {isa = PBXFileReference; lastKnownFileType = sourcecode.c.h; path = AlertViewVD.h; sourceTree = "<group>"; };
		678901BC20B6A7AE0077E4CD /* Info.plist */ = {isa = PBXFileReference; lastKnownFileType = text.plist.xml; path = Info.plist; sourceTree = "<group>"; };
		678901C120B6A7AE0077E4CD /* AlertViewVDTests.xctest */ = {isa = PBXFileReference; explicitFileType = wrapper.cfbundle; includeInIndex = 0; path = AlertViewVDTests.xctest; sourceTree = BUILT_PRODUCTS_DIR; };
		678901C620B6A7AE0077E4CD /* AlertViewVDTests.swift */ = {isa = PBXFileReference; lastKnownFileType = sourcecode.swift; path = AlertViewVDTests.swift; sourceTree = "<group>"; };
		678901C820B6A7AE0077E4CD /* Info.plist */ = {isa = PBXFileReference; lastKnownFileType = text.plist.xml; path = Info.plist; sourceTree = "<group>"; };
/* End PBXFileReference section */

/* Begin PBXFrameworksBuildPhase section */
		678901B420B6A7AE0077E4CD /* Frameworks */ = {
			isa = PBXFrameworksBuildPhase;
			buildActionMask = 2147483647;
			files = (
			);
			runOnlyForDeploymentPostprocessing = 0;
		};
		678901BE20B6A7AE0077E4CD /* Frameworks */ = {
			isa = PBXFrameworksBuildPhase;
			buildActionMask = 2147483647;
			files = (
				678901C220B6A7AE0077E4CD /* AlertViewVD.framework in Frameworks */,
			);
			runOnlyForDeploymentPostprocessing = 0;
		};
/* End PBXFrameworksBuildPhase section */

/* Begin PBXGroup section */
		678901AE20B6A7AE0077E4CD = {
			isa = PBXGroup;
			children = (
				678901BA20B6A7AE0077E4CD /* AlertViewVD */,
				678901C520B6A7AE0077E4CD /* AlertViewVDTests */,
				678901B920B6A7AE0077E4CD /* Products */,
			);
			sourceTree = "<group>";
		};
		678901B920B6A7AE0077E4CD /* Products */ = {
			isa = PBXGroup;
			children = (
				678901B820B6A7AE0077E4CD /* AlertViewVD.framework */,
				678901C120B6A7AE0077E4CD /* AlertViewVDTests.xctest */,
			);
			name = Products;
			sourceTree = "<group>";
		};
		678901BA20B6A7AE0077E4CD /* AlertViewVD */ = {
			isa = PBXGroup;
			children = (
				678901BB20B6A7AE0077E4CD /* AlertViewVD.h */,
				678901BC20B6A7AE0077E4CD /* Info.plist */,
			);
			path = AlertViewVD;
			sourceTree = "<group>";
		};
		678901C520B6A7AE0077E4CD /* AlertViewVDTests */ = {
			isa = PBXGroup;
			children = (
				678901C620B6A7AE0077E4CD /* AlertViewVDTests.swift */,
				678901C820B6A7AE0077E4CD /* Info.plist */,
			);
			path = AlertViewVDTests;
			sourceTree = "<group>";
		};
/* End PBXGroup section */

/* Begin PBXHeadersBuildPhase section */
		678901B520B6A7AE0077E4CD /* Headers */ = {
			isa = PBXHeadersBuildPhase;
			buildActionMask = 2147483647;
			files = (
				678901C920B6A7AE0077E4CD /* AlertViewVD.h in Headers */,
			);
			runOnlyForDeploymentPostprocessing = 0;
		};
/* End PBXHeadersBuildPhase section */

/* Begin PBXNativeTarget section */
		678901B720B6A7AE0077E4CD /* AlertViewVD */ = {
			isa = PBXNativeTarget;
			buildConfigurationList = 678901CC20B6A7AE0077E4CD /* Build configuration list for PBXNativeTarget "AlertViewVD" */;
			buildPhases = (
				678901B320B6A7AE0077E4CD /* Sources */,
				678901B420B6A7AE0077E4CD /* Frameworks */,
				678901B520B6A7AE0077E4CD /* Headers */,
				678901B620B6A7AE0077E4CD /* Resources */,
			);
			buildRules = (
			);
			dependencies = (
			);
			name = AlertViewVD;
			productName = AlertViewVD;
			productReference = 678901B820B6A7AE0077E4CD /* AlertViewVD.framework */;
			productType = "com.apple.product-type.framework";
		};
		678901C020B6A7AE0077E4CD /* AlertViewVDTests */ = {
			isa = PBXNativeTarget;
			buildConfigurationList = 678901CF20B6A7AE0077E4CD /* Build configuration list for PBXNativeTarget "AlertViewVDTests" */;
			buildPhases = (
				678901BD20B6A7AE0077E4CD /* Sources */,
				678901BE20B6A7AE0077E4CD /* Frameworks */,
				678901BF20B6A7AE0077E4CD /* Resources */,
			);
			buildRules = (
			);
			dependencies = (
				678901C420B6A7AE0077E4CD /* PBXTargetDependency */,
			);
			name = AlertViewVDTests;
			productName = AlertViewVDTests;
			productReference = 678901C120B6A7AE0077E4CD /* AlertViewVDTests.xctest */;
			productType = "com.apple.product-type.bundle.unit-test";
		};
/* End PBXNativeTarget section */

/* Begin PBXProject section */
		678901AF20B6A7AE0077E4CD /* Project object */ = {
			isa = PBXProject;
			attributes = {
				LastSwiftUpdateCheck = 0930;
				LastUpgradeCheck = 0930;
				ORGANIZATIONNAME = "Victor Capilla Borrego";
				TargetAttributes = {
					678901B720B6A7AE0077E4CD = {
						CreatedOnToolsVersion = 9.3.1;
					};
					678901C020B6A7AE0077E4CD = {
						CreatedOnToolsVersion = 9.3.1;
					};
				};
			};
			buildConfigurationList = 678901B220B6A7AE0077E4CD /* Build configuration list for PBXProject "AlertViewVD" */;
			compatibilityVersion = "Xcode 9.3";
			developmentRegion = en;
			hasScannedForEncodings = 0;
			knownRegions = (
				en,
			);
			mainGroup = 678901AE20B6A7AE0077E4CD;
			productRefGroup = 678901B920B6A7AE0077E4CD /* Products */;
			projectDirPath = "";
			projectRoot = "";
			targets = (
				678901B720B6A7AE0077E4CD /* AlertViewVD */,
				678901C020B6A7AE0077E4CD /* AlertViewVDTests */,
			);
		};
/* End PBXProject section */

/* Begin PBXResourcesBuildPhase section */
		678901B620B6A7AE0077E4CD /* Resources */ = {
			isa = PBXResourcesBuildPhase;
			buildActionMask = 2147483647;
			files = (
			);
			runOnlyForDeploymentPostprocessing = 0;
		};
		678901BF20B6A7AE0077E4CD /* Resources */ = {
			isa = PBXResourcesBuildPhase;
			buildActionMask = 2147483647;
			files = (
			);
			runOnlyForDeploymentPostprocessing = 0;
		};
/* End PBXResourcesBuildPhase section */

/* Begin PBXSourcesBuildPhase section */
		678901B320B6A7AE0077E4CD /* Sources */ = {
			isa = PBXSourcesBuildPhase;
			buildActionMask = 2147483647;
			files = (
			);
			runOnlyForDeploymentPostprocessing = 0;
		};
		678901BD20B6A7AE0077E4CD /* Sources */ = {
			isa = PBXSourcesBuildPhase;
			buildActionMask = 2147483647;
			files = (
				678901C720B6A7AE0077E4CD /* AlertViewVDTests.swift in Sources */,
			);
			runOnlyForDeploymentPostprocessing = 0;
		};
/* End PBXSourcesBuildPhase section */

/* Begin PBXTargetDependency section */
		678901C420B6A7AE0077E4CD /* PBXTargetDependency */ = {
			isa = PBXTargetDependency;
			target = 678901B720B6A7AE0077E4CD /* AlertViewVD */;
			targetProxy = 678901C320B6A7AE0077E4CD /* PBXContainerItemProxy */;
		};
/* End PBXTargetDependency section */

/* Begin XCBuildConfiguration section */
		678901CA20B6A7AE0077E4CD /* Debug */ = {
			isa = XCBuildConfiguration;
			buildSettings = {
				ALWAYS_SEARCH_USER_PATHS = NO;
				CLANG_ANALYZER_NONNULL = YES;
				CLANG_ANALYZER_NUMBER_OBJECT_CONVERSION = YES_AGGRESSIVE;
				CLANG_CXX_LANGUAGE_STANDARD = "gnu++14";
				CLANG_CXX_LIBRARY = "libc++";
				CLANG_ENABLE_MODULES = YES;
				CLANG_ENABLE_OBJC_ARC = YES;
				CLANG_ENABLE_OBJC_WEAK = YES;
				CLANG_WARN_BLOCK_CAPTURE_AUTORELEASING = YES;
				CLANG_WARN_BOOL_CONVERSION = YES;
				CLANG_WARN_COMMA = YES;
				CLANG_WARN_CONSTANT_CONVERSION = YES;
				CLANG_WARN_DEPRECATED_OBJC_IMPLEMENTATIONS = YES;
				CLANG_WARN_DIRECT_OBJC_ISA_USAGE = YES_ERROR;
				CLANG_WARN_DOCUMENTATION_COMMENTS = YES;
				CLANG_WARN_EMPTY_BODY = YES;
				CLANG_WARN_ENUM_CONVERSION = YES;
				CLANG_WARN_INFINITE_RECURSION = YES;
				CLANG_WARN_INT_CONVERSION = YES;
				CLANG_WARN_NON_LITERAL_NULL_CONVERSION = YES;
				CLANG_WARN_OBJC_IMPLICIT_RETAIN_SELF = YES;
				CLANG_WARN_OBJC_LITERAL_CONVERSION = YES;
				CLANG_WARN_OBJC_ROOT_CLASS = YES_ERROR;
				CLANG_WARN_RANGE_LOOP_ANALYSIS = YES;
				CLANG_WARN_STRICT_PROTOTYPES = YES;
				CLANG_WARN_SUSPICIOUS_MOVE = YES;
				CLANG_WARN_UNGUARDED_AVAILABILITY = YES_AGGRESSIVE;
				CLANG_WARN_UNREACHABLE_CODE = YES;
				CLANG_WARN__DUPLICATE_METHOD_MATCH = YES;
				CODE_SIGN_IDENTITY = "iPhone Developer";
				COPY_PHASE_STRIP = NO;
				CURRENT_PROJECT_VERSION = 1;
				DEBUG_INFORMATION_FORMAT = dwarf;
				ENABLE_STRICT_OBJC_MSGSEND = YES;
				ENABLE_TESTABILITY = YES;
				GCC_C_LANGUAGE_STANDARD = gnu11;
				GCC_DYNAMIC_NO_PIC = NO;
				GCC_NO_COMMON_BLOCKS = YES;
				GCC_OPTIMIZATION_LEVEL = 0;
				GCC_PREPROCESSOR_DEFINITIONS = (
					"DEBUG=1",
					"$(inherited)",
				);
				GCC_WARN_64_TO_32_BIT_CONVERSION = YES;
				GCC_WARN_ABOUT_RETURN_TYPE = YES_ERROR;
				GCC_WARN_UNDECLARED_SELECTOR = YES;
				GCC_WARN_UNINITIALIZED_AUTOS = YES_AGGRESSIVE;
				GCC_WARN_UNUSED_FUNCTION = YES;
				GCC_WARN_UNUSED_VARIABLE = YES;
				IPHONEOS_DEPLOYMENT_TARGET = 11.3;
				MTL_ENABLE_DEBUG_INFO = YES;
				ONLY_ACTIVE_ARCH = YES;
				SDKROOT = iphoneos;
				SWIFT_ACTIVE_COMPILATION_CONDITIONS = DEBUG;
				SWIFT_OPTIMIZATION_LEVEL = "-Onone";
				VERSIONING_SYSTEM = "apple-generic";
				VERSION_INFO_PREFIX = "";
			};
			name = Debug;
		};
		678901CB20B6A7AE0077E4CD /* Release */ = {
			isa = XCBuildConfiguration;
			buildSettings = {
				ALWAYS_SEARCH_USER_PATHS = NO;
				CLANG_ANALYZER_NONNULL = YES;
				CLANG_ANALYZER_NUMBER_OBJECT_CONVERSION = YES_AGGRESSIVE;
				CLANG_CXX_LANGUAGE_STANDARD = "gnu++14";
				CLANG_CXX_LIBRARY = "libc++";
				CLANG_ENABLE_MODULES = YES;
				CLANG_ENABLE_OBJC_ARC = YES;
				CLANG_ENABLE_OBJC_WEAK = YES;
				CLANG_WARN_BLOCK_CAPTURE_AUTORELEASING = YES;
				CLANG_WARN_BOOL_CONVERSION = YES;
				CLANG_WARN_COMMA = YES;
				CLANG_WARN_CONSTANT_CONVERSION = YES;
				CLANG_WARN_DEPRECATED_OBJC_IMPLEMENTATIONS = YES;
				CLANG_WARN_DIRECT_OBJC_ISA_USAGE = YES_ERROR;
				CLANG_WARN_DOCUMENTATION_COMMENTS = YES;
				CLANG_WARN_EMPTY_BODY = YES;
				CLANG_WARN_ENUM_CONVERSION = YES;
				CLANG_WARN_INFINITE_RECURSION = YES;
				CLANG_WARN_INT_CONVERSION = YES;
				CLANG_WARN_NON_LITERAL_NULL_CONVERSION = YES;
				CLANG_WARN_OBJC_IMPLICIT_RETAIN_SELF = YES;
				CLANG_WARN_OBJC_LITERAL_CONVERSION = YES;
				CLANG_WARN_OBJC_ROOT_CLASS = YES_ERROR;
				CLANG_WARN_RANGE_LOOP_ANALYSIS = YES;
				CLANG_WARN_STRICT_PROTOTYPES = YES;
				CLANG_WARN_SUSPICIOUS_MOVE = YES;
				CLANG_WARN_UNGUARDED_AVAILABILITY = YES_AGGRESSIVE;
				CLANG_WARN_UNREACHABLE_CODE = YES;
				CLANG_WARN__DUPLICATE_METHOD_MATCH = YES;
				CODE_SIGN_IDENTITY = "iPhone Developer";
				COPY_PHASE_STRIP = NO;
				CURRENT_PROJECT_VERSION = 1;
				DEBUG_INFORMATION_FORMAT = "dwarf-with-dsym";
				ENABLE_NS_ASSERTIONS = NO;
				ENABLE_STRICT_OBJC_MSGSEND = YES;
				GCC_C_LANGUAGE_STANDARD = gnu11;
				GCC_NO_COMMON_BLOCKS = YES;
				GCC_WARN_64_TO_32_BIT_CONVERSION = YES;
				GCC_WARN_ABOUT_RETURN_TYPE = YES_ERROR;
				GCC_WARN_UNDECLARED_SELECTOR = YES;
				GCC_WARN_UNINITIALIZED_AUTOS = YES_AGGRESSIVE;
				GCC_WARN_UNUSED_FUNCTION = YES;
				GCC_WARN_UNUSED_VARIABLE = YES;
				IPHONEOS_DEPLOYMENT_TARGET = 11.3;
				MTL_ENABLE_DEBUG_INFO = NO;
				SDKROOT = iphoneos;
				SWIFT_COMPILATION_MODE = wholemodule;
				SWIFT_OPTIMIZATION_LEVEL = "-O";
				VALIDATE_PRODUCT = YES;
				VERSIONING_SYSTEM = "apple-generic";
				VERSION_INFO_PREFIX = "";
			};
			name = Release;
		};
		678901CD20B6A7AE0077E4CD /* Debug */ = {
			isa = XCBuildConfiguration;
			buildSettings = {
				CODE_SIGN_IDENTITY = "";
				CODE_SIGN_STYLE = Automatic;
				DEFINES_MODULE = YES;
				DEVELOPMENT_TEAM = N7AZRND92Z;
				DYLIB_COMPATIBILITY_VERSION = 1;
				DYLIB_CURRENT_VERSION = 1;
				DYLIB_INSTALL_NAME_BASE = "@rpath";
				INFOPLIST_FILE = AlertViewVD/Info.plist;
				INSTALL_PATH = "$(LOCAL_LIBRARY_DIR)/Frameworks";
				LD_RUNPATH_SEARCH_PATHS = (
					"$(inherited)",
					"@executable_path/Frameworks",
					"@loader_path/Frameworks",
				);
				PRODUCT_BUNDLE_IDENTIFIER = com.vcapilladeveloper.AlertViewVD;
				PRODUCT_NAME = "$(TARGET_NAME:c99extidentifier)";
				SKIP_INSTALL = YES;
				SWIFT_VERSION = 4.0;
				TARGETED_DEVICE_FAMILY = "1,2";
			};
			name = Debug;
		};
		678901CE20B6A7AE0077E4CD /* Release */ = {
			isa = XCBuildConfiguration;
			buildSettings = {
				CODE_SIGN_IDENTITY = "";
				CODE_SIGN_STYLE = Automatic;
				DEFINES_MODULE = YES;
				DEVELOPMENT_TEAM = N7AZRND92Z;
				DYLIB_COMPATIBILITY_VERSION = 1;
				DYLIB_CURRENT_VERSION = 1;
				DYLIB_INSTALL_NAME_BASE = "@rpath";
				INFOPLIST_FILE = AlertViewVD/Info.plist;
				INSTALL_PATH = "$(LOCAL_LIBRARY_DIR)/Frameworks";
				LD_RUNPATH_SEARCH_PATHS = (
					"$(inherited)",
					"@executable_path/Frameworks",
					"@loader_path/Frameworks",
				);
				PRODUCT_BUNDLE_IDENTIFIER = com.vcapilladeveloper.AlertViewVD;
				PRODUCT_NAME = "$(TARGET_NAME:c99extidentifier)";
				SKIP_INSTALL = YES;
				SWIFT_VERSION = 4.0;
				TARGETED_DEVICE_FAMILY = "1,2";
			};
			name = Release;
		};
		678901D020B6A7AE0077E4CD /* Debug */ = {
			isa = XCBuildConfiguration;
			buildSettings = {
				CODE_SIGN_STYLE = Automatic;
				DEVELOPMENT_TEAM = N7AZRND92Z;
				INFOPLIST_FILE = AlertViewVDTests/Info.plist;
				LD_RUNPATH_SEARCH_PATHS = (
					"$(inherited)",
					"@executable_path/Frameworks",
					"@loader_path/Frameworks",
				);
				PRODUCT_BUNDLE_IDENTIFIER = com.vcapilladeveloper.AlertViewVDTests;
				PRODUCT_NAME = "$(TARGET_NAME)";
				SWIFT_VERSION = 4.0;
				TARGETED_DEVICE_FAMILY = "1,2";
			};
			name = Debug;
		};
		678901D120B6A7AE0077E4CD /* Release */ = {
			isa = XCBuildConfiguration;
			buildSettings = {
				CODE_SIGN_STYLE = Automatic;
				DEVELOPMENT_TEAM = N7AZRND92Z;
				INFOPLIST_FILE = AlertViewVDTests/Info.plist;
				LD_RUNPATH_SEARCH_PATHS = (
					"$(inherited)",
					"@executable_path/Frameworks",
					"@loader_path/Frameworks",
				);
				PRODUCT_BUNDLE_IDENTIFIER = com.vcapilladeveloper.AlertViewVDTests;
				PRODUCT_NAME = "$(TARGET_NAME)";
				SWIFT_VERSION = 4.0;
				TARGETED_DEVICE_FAMILY = "1,2";
			};
			name = Release;
		};
/* End XCBuildConfiguration section */

/* Begin XCConfigurationList section */
		678901B220B6A7AE0077E4CD /* Build configuration list for PBXProject "AlertViewVD" */ = {
			isa = XCConfigurationList;
			buildConfigurations = (
				678901CA20B6A7AE0077E4CD /* Debug */,
				678901CB20B6A7AE0077E4CD /* Release */,
			);
			defaultConfigurationIsVisible = 0;
			defaultConfigurationName = Release;
		};
		678901CC20B6A7AE0077E4CD /* Build configuration list for PBXNativeTarget "AlertViewVD" */ = {
			isa = XCConfigurationList;
			buildConfigurations = (
				678901CD20B6A7AE0077E4CD /* Debug */,
				678901CE20B6A7AE0077E4CD /* Release */,
			);
			defaultConfigurationIsVisible = 0;
			defaultConfigurationName = Release;
		};
		678901CF20B6A7AE0077E4CD /* Build configuration list for PBXNativeTarget "AlertViewVDTests" */ = {
			isa = XCConfigurationList;
			buildConfigurations = (
				678901D020B6A7AE0077E4CD /* Debug */,
				678901D120B6A7AE0077E4CD /* Release */,
			);
			defaultConfigurationIsVisible = 0;
			defaultConfigurationName = Release;
		};
/* End XCConfigurationList section */
	};
	rootObject = 678901AF20B6A7AE0077E4CD /* Project object */;
}
